// !$*UTF8*$!
{
	archiveVersion = 1;
	classes = {
	};
	objectVersion = 50;
	objects = {

/* Begin PBXBuildFile section */
		DA1F0DEA219FC34200B15728 /* AppDelegate.swift in Sources */ = {isa = PBXBuildFile; fileRef = DA1F0DE9219FC34200B15728 /* AppDelegate.swift */; };
		DA1F0DEC219FC34300B15728 /* Level1.sks in Resources */ = {isa = PBXBuildFile; fileRef = DA1F0DEB219FC34300B15728 /* Level1.sks */; };
		DA1F0DEE219FC34300B15728 /* Actions.sks in Resources */ = {isa = PBXBuildFile; fileRef = DA1F0DED219FC34300B15728 /* Actions.sks */; };
		DA1F0DF0219FC34300B15728 /* GameScene.swift in Sources */ = {isa = PBXBuildFile; fileRef = DA1F0DEF219FC34300B15728 /* GameScene.swift */; };
		DA1F0DF2219FC34300B15728 /* GameViewController.swift in Sources */ = {isa = PBXBuildFile; fileRef = DA1F0DF1219FC34300B15728 /* GameViewController.swift */; };
		DA1F0DF5219FC34300B15728 /* Main.storyboard in Resources */ = {isa = PBXBuildFile; fileRef = DA1F0DF3219FC34300B15728 /* Main.storyboard */; };
		DA1F0DF7219FC35600B15728 /* Assets.xcassets in Resources */ = {isa = PBXBuildFile; fileRef = DA1F0DF6219FC35600B15728 /* Assets.xcassets */; };
		DA1F0DFA219FC35600B15728 /* LaunchScreen.storyboard in Resources */ = {isa = PBXBuildFile; fileRef = DA1F0DF8219FC35600B15728 /* LaunchScreen.storyboard */; };
		DA8180AC21A3B8BC00D0FAFB /* GameOverScene.sks in Resources */ = {isa = PBXBuildFile; fileRef = DA8180AB21A3B8BB00D0FAFB /* GameOverScene.sks */; };
		DA8180AE21A3B8CD00D0FAFB /* GameOverScene.swift in Sources */ = {isa = PBXBuildFile; fileRef = DA8180AD21A3B8CD00D0FAFB /* GameOverScene.swift */; };
		DA8180B021A3BC6A00D0FAFB /* Level1.swift in Sources */ = {isa = PBXBuildFile; fileRef = DA8180AF21A3BC6A00D0FAFB /* Level1.swift */; };
		DA8180B221A3BED200D0FAFB /* Level2.swift in Sources */ = {isa = PBXBuildFile; fileRef = DA8180B121A3BED200D0FAFB /* Level2.swift */; };
		DA8180B421A3BEF100D0FAFB /* Level2.sks in Resources */ = {isa = PBXBuildFile; fileRef = DA8180B321A3BEF100D0FAFB /* Level2.sks */; };
		DA8180B621A3C79D00D0FAFB /* Sound.swift in Sources */ = {isa = PBXBuildFile; fileRef = DA8180B521A3C79D00D0FAFB /* Sound.swift */; };
		DA8E6D1321A7AD1800628CE6 /* meteorFallingSound.wav in Resources */ = {isa = PBXBuildFile; fileRef = DA8E6D0C21A7AD1700628CE6 /* meteorFallingSound.wav */; };
		DA8E6D1421A7AD1800628CE6 /* rewardSound.wav in Resources */ = {isa = PBXBuildFile; fileRef = DA8E6D0D21A7AD1700628CE6 /* rewardSound.wav */; };
		DA8E6D1521A7AD1800628CE6 /* hitSound.wav in Resources */ = {isa = PBXBuildFile; fileRef = DA8E6D0E21A7AD1700628CE6 /* hitSound.wav */; };
		DA8E6D1621A7AD1800628CE6 /* music.wav in Resources */ = {isa = PBXBuildFile; fileRef = DA8E6D0F21A7AD1800628CE6 /* music.wav */; };
		DA8E6D1721A7AD1800628CE6 /* jumpSound.wav in Resources */ = {isa = PBXBuildFile; fileRef = DA8E6D1021A7AD1800628CE6 /* jumpSound.wav */; };
		DADF1FEA21AE2E6C00C19836 /* levelUpSound.wav in Resources */ = {isa = PBXBuildFile; fileRef = DADF1FE921AE2E6C00C19836 /* levelUpSound.wav */; };
		DAF1301421A3423F0057F148 /* PlayerStateMachine.swift in Sources */ = {isa = PBXBuildFile; fileRef = DAF1301321A3423F0057F148 /* PlayerStateMachine.swift */; };
		DAF2F95021A8F5FB00429A5F /* Cenarios sem alfa in Resources */ = {isa = PBXBuildFile; fileRef = DAF2F94F21A8F5FB00429A5F /* Cenarios sem alfa */; };
/* End PBXBuildFile section */

/* Begin PBXFileReference section */
		DA1F0DE6219FC34200B15728 /* Jake's Adventures.app */ = {isa = PBXFileReference; explicitFileType = wrapper.application; includeInIndex = 0; path = "Jake's Adventures.app"; sourceTree = BUILT_PRODUCTS_DIR; };
		DA1F0DE9219FC34200B15728 /* AppDelegate.swift */ = {isa = PBXFileReference; lastKnownFileType = sourcecode.swift; path = AppDelegate.swift; sourceTree = "<group>"; };
		DA1F0DEB219FC34300B15728 /* Level1.sks */ = {isa = PBXFileReference; lastKnownFileType = file.sks; path = Level1.sks; sourceTree = "<group>"; };
		DA1F0DED219FC34300B15728 /* Actions.sks */ = {isa = PBXFileReference; lastKnownFileType = file.sks; path = Actions.sks; sourceTree = "<group>"; };
		DA1F0DEF219FC34300B15728 /* GameScene.swift */ = {isa = PBXFileReference; lastKnownFileType = sourcecode.swift; path = GameScene.swift; sourceTree = "<group>"; };
		DA1F0DF1219FC34300B15728 /* GameViewController.swift */ = {isa = PBXFileReference; lastKnownFileType = sourcecode.swift; path = GameViewController.swift; sourceTree = "<group>"; };
		DA1F0DF4219FC34300B15728 /* Base */ = {isa = PBXFileReference; lastKnownFileType = file.storyboard; name = Base; path = Base.lproj/Main.storyboard; sourceTree = "<group>"; };
		DA1F0DF6219FC35600B15728 /* Assets.xcassets */ = {isa = PBXFileReference; lastKnownFileType = folder.assetcatalog; path = Assets.xcassets; sourceTree = "<group>"; };
		DA1F0DF9219FC35600B15728 /* Base */ = {isa = PBXFileReference; lastKnownFileType = file.storyboard; name = Base; path = Base.lproj/LaunchScreen.storyboard; sourceTree = "<group>"; };
		DA1F0DFB219FC35600B15728 /* Info.plist */ = {isa = PBXFileReference; lastKnownFileType = text.plist.xml; path = Info.plist; sourceTree = "<group>"; };
		DA8180AB21A3B8BB00D0FAFB /* GameOverScene.sks */ = {isa = PBXFileReference; lastKnownFileType = file.sks; path = GameOverScene.sks; sourceTree = "<group>"; };
		DA8180AD21A3B8CD00D0FAFB /* GameOverScene.swift */ = {isa = PBXFileReference; lastKnownFileType = sourcecode.swift; path = GameOverScene.swift; sourceTree = "<group>"; };
		DA8180AF21A3BC6A00D0FAFB /* Level1.swift */ = {isa = PBXFileReference; lastKnownFileType = sourcecode.swift; path = Level1.swift; sourceTree = "<group>"; };
		DA8180B121A3BED200D0FAFB /* Level2.swift */ = {isa = PBXFileReference; lastKnownFileType = sourcecode.swift; path = Level2.swift; sourceTree = "<group>"; };
		DA8180B321A3BEF100D0FAFB /* Level2.sks */ = {isa = PBXFileReference; lastKnownFileType = file.sks; path = Level2.sks; sourceTree = "<group>"; };
		DA8180B521A3C79D00D0FAFB /* Sound.swift */ = {isa = PBXFileReference; lastKnownFileType = sourcecode.swift; path = Sound.swift; sourceTree = "<group>"; };
		DA8E6D0C21A7AD1700628CE6 /* meteorFallingSound.wav */ = {isa = PBXFileReference; lastKnownFileType = audio.wav; path = meteorFallingSound.wav; sourceTree = "<group>"; };
		DA8E6D0D21A7AD1700628CE6 /* rewardSound.wav */ = {isa = PBXFileReference; lastKnownFileType = audio.wav; path = rewardSound.wav; sourceTree = "<group>"; };
		DA8E6D0E21A7AD1700628CE6 /* hitSound.wav */ = {isa = PBXFileReference; lastKnownFileType = audio.wav; path = hitSound.wav; sourceTree = "<group>"; };
		DA8E6D0F21A7AD1800628CE6 /* music.wav */ = {isa = PBXFileReference; lastKnownFileType = audio.wav; path = music.wav; sourceTree = "<group>"; };
		DA8E6D1021A7AD1800628CE6 /* jumpSound.wav */ = {isa = PBXFileReference; lastKnownFileType = audio.wav; path = jumpSound.wav; sourceTree = "<group>"; };
		DADF1FE921AE2E6C00C19836 /* levelUpSound.wav */ = {isa = PBXFileReference; lastKnownFileType = audio.wav; path = levelUpSound.wav; sourceTree = "<group>"; };
		DAF1301321A3423F0057F148 /* PlayerStateMachine.swift */ = {isa = PBXFileReference; lastKnownFileType = sourcecode.swift; path = PlayerStateMachine.swift; sourceTree = "<group>"; };
		DAF2F94F21A8F5FB00429A5F /* Cenarios sem alfa */ = {isa = PBXFileReference; lastKnownFileType = folder; path = "Cenarios sem alfa"; sourceTree = "<group>"; };
/* End PBXFileReference section */

/* Begin PBXFrameworksBuildPhase section */
		DA1F0DE3219FC34200B15728 /* Frameworks */ = {
			isa = PBXFrameworksBuildPhase;
			buildActionMask = 2147483647;
			files = (
			);
			runOnlyForDeploymentPostprocessing = 0;
		};
/* End PBXFrameworksBuildPhase section */

/* Begin PBXGroup section */
		DA1F0DDD219FC34200B15728 = {
			isa = PBXGroup;
			children = (
				DA1F0DE8219FC34200B15728 /* Jake's Adventures */,
				DA1F0DE7219FC34200B15728 /* Products */,
			);
			sourceTree = "<group>";
		};
		DA1F0DE7219FC34200B15728 /* Products */ = {
			isa = PBXGroup;
			children = (
				DA1F0DE6219FC34200B15728 /* Jake's Adventures.app */,
			);
			name = Products;
			sourceTree = "<group>";
		};
		DA1F0DE8219FC34200B15728 /* Jake's Adventures */ = {
			isa = PBXGroup;
			children = (
				DA1F0DEF219FC34300B15728 /* GameScene.swift */,
				DA8180B521A3C79D00D0FAFB /* Sound.swift */,
				DA8180AF21A3BC6A00D0FAFB /* Level1.swift */,
				DA1F0DEB219FC34300B15728 /* Level1.sks */,
				DA8180B121A3BED200D0FAFB /* Level2.swift */,
				DA8180B321A3BEF100D0FAFB /* Level2.sks */,
				DA8180AD21A3B8CD00D0FAFB /* GameOverScene.swift */,
				DA8180AB21A3B8BB00D0FAFB /* GameOverScene.sks */,
				DAF1301321A3423F0057F148 /* PlayerStateMachine.swift */,
				DA1F0DF1219FC34300B15728 /* GameViewController.swift */,
				DA1F0DF3219FC34300B15728 /* Main.storyboard */,
				DA1F0DE9219FC34200B15728 /* AppDelegate.swift */,
				DA1F0DED219FC34300B15728 /* Actions.sks */,
				DA1F0DF6219FC35600B15728 /* Assets.xcassets */,
				DA1F0DF8219FC35600B15728 /* LaunchScreen.storyboard */,
				DA1F0DFB219FC35600B15728 /* Info.plist */,
				DA8E6D0E21A7AD1700628CE6 /* hitSound.wav */,
				DA8E6D1021A7AD1800628CE6 /* jumpSound.wav */,
				DADF1FE921AE2E6C00C19836 /* levelUpSound.wav */,
				DA8E6D0C21A7AD1700628CE6 /* meteorFallingSound.wav */,
				DA8E6D0F21A7AD1800628CE6 /* music.wav */,
				DA8E6D0D21A7AD1700628CE6 /* rewardSound.wav */,
				DAF2F94F21A8F5FB00429A5F /* Cenarios sem alfa */,
			);
			path = "Jake's Adventures";
			sourceTree = "<group>";
		};
/* End PBXGroup section */

/* Begin PBXNativeTarget section */
		DA1F0DE5219FC34200B15728 /* Jake's Adventures */ = {
			isa = PBXNativeTarget;
			buildConfigurationList = DA1F0DFE219FC35600B15728 /* Build configuration list for PBXNativeTarget "Jake's Adventures" */;
			buildPhases = (
				DA1F0DE2219FC34200B15728 /* Sources */,
				DA1F0DE3219FC34200B15728 /* Frameworks */,
				DA1F0DE4219FC34200B15728 /* Resources */,
			);
			buildRules = (
			);
			dependencies = (
			);
			name = "Jake's Adventures";
			productName = "Jake's Adventures";
			productReference = DA1F0DE6219FC34200B15728 /* Jake's Adventures.app */;
			productType = "com.apple.product-type.application";
		};
/* End PBXNativeTarget section */

/* Begin PBXProject section */
		DA1F0DDE219FC34200B15728 /* Project object */ = {
			isa = PBXProject;
			attributes = {
				LastSwiftUpdateCheck = 1000;
				LastUpgradeCheck = 1000;
				ORGANIZATIONNAME = paula;
				TargetAttributes = {
					DA1F0DE5219FC34200B15728 = {
						CreatedOnToolsVersion = 10.0;
						SystemCapabilities = {
							com.apple.BackgroundModes = {
								enabled = 0;
							};
						};
					};
				};
			};
			buildConfigurationList = DA1F0DE1219FC34200B15728 /* Build configuration list for PBXProject "Jake's Adventures" */;
			compatibilityVersion = "Xcode 9.3";
			developmentRegion = en;
			hasScannedForEncodings = 0;
			knownRegions = (
				en,
				Base,
			);
			mainGroup = DA1F0DDD219FC34200B15728;
			productRefGroup = DA1F0DE7219FC34200B15728 /* Products */;
			projectDirPath = "";
			projectRoot = "";
			targets = (
				DA1F0DE5219FC34200B15728 /* Jake's Adventures */,
			);
		};
/* End PBXProject section */

/* Begin PBXResourcesBuildPhase section */
		DA1F0DE4219FC34200B15728 /* Resources */ = {
			isa = PBXResourcesBuildPhase;
			buildActionMask = 2147483647;
			files = (
				DAF2F95021A8F5FB00429A5F /* Cenarios sem alfa in Resources */,
				DADF1FEA21AE2E6C00C19836 /* levelUpSound.wav in Resources */,
				DA8E6D1721A7AD1800628CE6 /* jumpSound.wav in Resources */,
				DA1F0DF5219FC34300B15728 /* Main.storyboard in Resources */,
				DA8180AC21A3B8BC00D0FAFB /* GameOverScene.sks in Resources */,
				DA1F0DEC219FC34300B15728 /* Level1.sks in Resources */,
				DA8180B421A3BEF100D0FAFB /* Level2.sks in Resources */,
				DA1F0DF7219FC35600B15728 /* Assets.xcassets in Resources */,
				DA8E6D1321A7AD1800628CE6 /* meteorFallingSound.wav in Resources */,
				DA8E6D1421A7AD1800628CE6 /* rewardSound.wav in Resources */,
				DA1F0DFA219FC35600B15728 /* LaunchScreen.storyboard in Resources */,
				DA8E6D1521A7AD1800628CE6 /* hitSound.wav in Resources */,
				DA1F0DEE219FC34300B15728 /* Actions.sks in Resources */,
				DA8E6D1621A7AD1800628CE6 /* music.wav in Resources */,
			);
			runOnlyForDeploymentPostprocessing = 0;
		};
/* End PBXResourcesBuildPhase section */

/* Begin PBXSourcesBuildPhase section */
		DA1F0DE2219FC34200B15728 /* Sources */ = {
			isa = PBXSourcesBuildPhase;
			buildActionMask = 2147483647;
			files = (
				DA8180B021A3BC6A00D0FAFB /* Level1.swift in Sources */,
				DA1F0DF0219FC34300B15728 /* GameScene.swift in Sources */,
				DA1F0DF2219FC34300B15728 /* GameViewController.swift in Sources */,
				DAF1301421A3423F0057F148 /* PlayerStateMachine.swift in Sources */,
				DA8180AE21A3B8CD00D0FAFB /* GameOverScene.swift in Sources */,
				DA8180B221A3BED200D0FAFB /* Level2.swift in Sources */,
				DA1F0DEA219FC34200B15728 /* AppDelegate.swift in Sources */,
				DA8180B621A3C79D00D0FAFB /* Sound.swift in Sources */,
			);
			runOnlyForDeploymentPostprocessing = 0;
		};
/* End PBXSourcesBuildPhase section */

/* Begin PBXVariantGroup section */
		DA1F0DF3219FC34300B15728 /* Main.storyboard */ = {
			isa = PBXVariantGroup;
			children = (
				DA1F0DF4219FC34300B15728 /* Base */,
			);
			name = Main.storyboard;
			sourceTree = "<group>";
		};
		DA1F0DF8219FC35600B15728 /* LaunchScreen.storyboard */ = {
			isa = PBXVariantGroup;
			children = (
				DA1F0DF9219FC35600B15728 /* Base */,
			);
			name = LaunchScreen.storyboard;
			sourceTree = "<group>";
		};
/* End PBXVariantGroup section */

/* Begin XCBuildConfiguration section */
		DA1F0DFC219FC35600B15728 /* Debug */ = {
			isa = XCBuildConfiguration;
			buildSettings = {
				ALWAYS_SEARCH_USER_PATHS = NO;
				CLANG_ANALYZER_NONNULL = YES;
				CLANG_ANALYZER_NUMBER_OBJECT_CONVERSION = YES_AGGRESSIVE;
				CLANG_CXX_LANGUAGE_STANDARD = "gnu++14";
				CLANG_CXX_LIBRARY = "libc++";
				CLANG_ENABLE_MODULES = YES;
				CLANG_ENABLE_OBJC_ARC = YES;
				CLANG_ENABLE_OBJC_WEAK = YES;
				CLANG_WARN_BLOCK_CAPTURE_AUTORELEASING = YES;
				CLANG_WARN_BOOL_CONVERSION = YES;
				CLANG_WARN_COMMA = YES;
				CLANG_WARN_CONSTANT_CONVERSION = YES;
				CLANG_WARN_DEPRECATED_OBJC_IMPLEMENTATIONS = YES;
				CLANG_WARN_DIRECT_OBJC_ISA_USAGE = YES_ERROR;
				CLANG_WARN_DOCUMENTATION_COMMENTS = YES;
				CLANG_WARN_EMPTY_BODY = YES;
				CLANG_WARN_ENUM_CONVERSION = YES;
				CLANG_WARN_INFINITE_RECURSION = YES;
				CLANG_WARN_INT_CONVERSION = YES;
				CLANG_WARN_NON_LITERAL_NULL_CONVERSION = YES;
				CLANG_WARN_OBJC_IMPLICIT_RETAIN_SELF = YES;
				CLANG_WARN_OBJC_LITERAL_CONVERSION = YES;
				CLANG_WARN_OBJC_ROOT_CLASS = YES_ERROR;
				CLANG_WARN_RANGE_LOOP_ANALYSIS = YES;
				CLANG_WARN_STRICT_PROTOTYPES = YES;
				CLANG_WARN_SUSPICIOUS_MOVE = YES;
				CLANG_WARN_UNGUARDED_AVAILABILITY = YES_AGGRESSIVE;
				CLANG_WARN_UNREACHABLE_CODE = YES;
				CLANG_WARN__DUPLICATE_METHOD_MATCH = YES;
				CODE_SIGN_IDENTITY = "iPhone Developer";
				COPY_PHASE_STRIP = NO;
				DEBUG_INFORMATION_FORMAT = dwarf;
				ENABLE_STRICT_OBJC_MSGSEND = YES;
				ENABLE_TESTABILITY = YES;
				GCC_C_LANGUAGE_STANDARD = gnu11;
				GCC_DYNAMIC_NO_PIC = NO;
				GCC_NO_COMMON_BLOCKS = YES;
				GCC_OPTIMIZATION_LEVEL = 0;
				GCC_PREPROCESSOR_DEFINITIONS = (
					"DEBUG=1",
					"$(inherited)",
				);
				GCC_WARN_64_TO_32_BIT_CONVERSION = YES;
				GCC_WARN_ABOUT_RETURN_TYPE = YES_ERROR;
				GCC_WARN_UNDECLARED_SELECTOR = YES;
				GCC_WARN_UNINITIALIZED_AUTOS = YES_AGGRESSIVE;
				GCC_WARN_UNUSED_FUNCTION = YES;
				GCC_WARN_UNUSED_VARIABLE = YES;
				IPHONEOS_DEPLOYMENT_TARGET = 12.0;
				MTL_ENABLE_DEBUG_INFO = INCLUDE_SOURCE;
				MTL_FAST_MATH = YES;
				ONLY_ACTIVE_ARCH = YES;
				SDKROOT = iphoneos;
				SWIFT_ACTIVE_COMPILATION_CONDITIONS = DEBUG;
				SWIFT_OPTIMIZATION_LEVEL = "-Onone";
			};
			name = Debug;
		};
		DA1F0DFD219FC35600B15728 /* Release */ = {
			isa = XCBuildConfiguration;
			buildSettings = {
				ALWAYS_SEARCH_USER_PATHS = NO;
				CLANG_ANALYZER_NONNULL = YES;
				CLANG_ANALYZER_NUMBER_OBJECT_CONVERSION = YES_AGGRESSIVE;
				CLANG_CXX_LANGUAGE_STANDARD = "gnu++14";
				CLANG_CXX_LIBRARY = "libc++";
				CLANG_ENABLE_MODULES = YES;
				CLANG_ENABLE_OBJC_ARC = YES;
				CLANG_ENABLE_OBJC_WEAK = YES;
				CLANG_WARN_BLOCK_CAPTURE_AUTORELEASING = YES;
				CLANG_WARN_BOOL_CONVERSION = YES;
				CLANG_WARN_COMMA = YES;
				CLANG_WARN_CONSTANT_CONVERSION = YES;
				CLANG_WARN_DEPRECATED_OBJC_IMPLEMENTATIONS = YES;
				CLANG_WARN_DIRECT_OBJC_ISA_USAGE = YES_ERROR;
				CLANG_WARN_DOCUMENTATION_COMMENTS = YES;
				CLANG_WARN_EMPTY_BODY = YES;
				CLANG_WARN_ENUM_CONVERSION = YES;
				CLANG_WARN_INFINITE_RECURSION = YES;
				CLANG_WARN_INT_CONVERSION = YES;
				CLANG_WARN_NON_LITERAL_NULL_CONVERSION = YES;
				CLANG_WARN_OBJC_IMPLICIT_RETAIN_SELF = YES;
				CLANG_WARN_OBJC_LITERAL_CONVERSION = YES;
				CLANG_WARN_OBJC_ROOT_CLASS = YES_ERROR;
				CLANG_WARN_RANGE_LOOP_ANALYSIS = YES;
				CLANG_WARN_STRICT_PROTOTYPES = YES;
				CLANG_WARN_SUSPICIOUS_MOVE = YES;
				CLANG_WARN_UNGUARDED_AVAILABILITY = YES_AGGRESSIVE;
				CLANG_WARN_UNREACHABLE_CODE = YES;
				CLANG_WARN__DUPLICATE_METHOD_MATCH = YES;
				CODE_SIGN_IDENTITY = "iPhone Developer";
				COPY_PHASE_STRIP = NO;
				DEBUG_INFORMATION_FORMAT = "dwarf-with-dsym";
				ENABLE_NS_ASSERTIONS = NO;
				ENABLE_STRICT_OBJC_MSGSEND = YES;
				GCC_C_LANGUAGE_STANDARD = gnu11;
				GCC_NO_COMMON_BLOCKS = YES;
				GCC_WARN_64_TO_32_BIT_CONVERSION = YES;
				GCC_WARN_ABOUT_RETURN_TYPE = YES_ERROR;
				GCC_WARN_UNDECLARED_SELECTOR = YES;
				GCC_WARN_UNINITIALIZED_AUTOS = YES_AGGRESSIVE;
				GCC_WARN_UNUSED_FUNCTION = YES;
				GCC_WARN_UNUSED_VARIABLE = YES;
				IPHONEOS_DEPLOYMENT_TARGET = 12.0;
				MTL_ENABLE_DEBUG_INFO = NO;
				MTL_FAST_MATH = YES;
				SDKROOT = iphoneos;
				SWIFT_COMPILATION_MODE = wholemodule;
				SWIFT_OPTIMIZATION_LEVEL = "-O";
				VALIDATE_PRODUCT = YES;
			};
			name = Release;
		};
		DA1F0DFF219FC35600B15728 /* Debug */ = {
			isa = XCBuildConfiguration;
			buildSettings = {
				ASSETCATALOG_COMPILER_APPICON_NAME = AppIcon;
				CODE_SIGN_STYLE = Automatic;
				DEVELOPMENT_TEAM = PN3652U3TH;
				INFOPLIST_FILE = "Jake's Adventures/Info.plist";
				LD_RUNPATH_SEARCH_PATHS = (
					"$(inherited)",
					"@executable_path/Frameworks",
				);
				PRODUCT_BUNDLE_IDENTIFIER = "edu.self.Jake-s-Adventures";
				PRODUCT_NAME = "$(TARGET_NAME)";
				SWIFT_VERSION = 4.2;
				TARGETED_DEVICE_FAMILY = "1,2";
			};
			name = Debug;
		};
		DA1F0E00219FC35600B15728 /* Release */ = {
			isa = XCBuildConfiguration;
			buildSettings = {
				ASSETCATALOG_COMPILER_APPICON_NAME = AppIcon;
				CODE_SIGN_STYLE = Automatic;
				DEVELOPMENT_TEAM = PN3652U3TH;
				INFOPLIST_FILE = "Jake's Adventures/Info.plist";
				LD_RUNPATH_SEARCH_PATHS = (
					"$(inherited)",
					"@executable_path/Frameworks",
				);
				PRODUCT_BUNDLE_IDENTIFIER = "edu.self.Jake-s-Adventures";
				PRODUCT_NAME = "$(TARGET_NAME)";
				SWIFT_VERSION = 4.2;
				TARGETED_DEVICE_FAMILY = "1,2";
			};
			name = Release;
		};
/* End XCBuildConfiguration section */

/* Begin XCConfigurationList section */
		DA1F0DE1219FC34200B15728 /* Build configuration list for PBXProject "Jake's Adventures" */ = {
			isa = XCConfigurationList;
			buildConfigurations = (
				DA1F0DFC219FC35600B15728 /* Debug */,
				DA1F0DFD219FC35600B15728 /* Release */,
			);
			defaultConfigurationIsVisible = 0;
			defaultConfigurationName = Release;
		};
		DA1F0DFE219FC35600B15728 /* Build configuration list for PBXNativeTarget "Jake's Adventures" */ = {
			isa = XCConfigurationList;
			buildConfigurations = (
				DA1F0DFF219FC35600B15728 /* Debug */,
				DA1F0E00219FC35600B15728 /* Release */,
			);
			defaultConfigurationIsVisible = 0;
			defaultConfigurationName = Release;
		};
/* End XCConfigurationList section */
	};
	rootObject = DA1F0DDE219FC34200B15728 /* Project object */;
}
